
Microsoft Visual Studio Solution File, Format Version 12.00
# Visual Studio 15
VisualStudioVersion = 15.0.27703.2018
MinimumVisualStudioVersion = 10.0.40219.1
Project("{FAE04EC0-301F-11D3-BF4B-00C04F79EFBC}") = "helloagain", "helloagain\helloagain.csproj", "{ED7F4A58-71B6-4ACF-BEAC-E5086A665755}"
EndProject
Global
	GlobalSection(SolutionConfigurationPlatforms) = preSolution
		Debug|Any CPU = Debug|Any CPU
		Release|Any CPU = Release|Any CPU
	EndGlobalSection
	GlobalSection(ProjectConfigurationPlatforms) = postSolution
		{ED7F4A58-71B6-4ACF-BEAC-E5086A665755}.Debug|Any CPU.ActiveCfg = Debug|Any CPU
		{ED7F4A58-71B6-4ACF-BEAC-E5086A665755}.Debug|Any CPU.Build.0 = Debug|Any CPU
		{ED7F4A58-71B6-4ACF-BEAC-E5086A665755}.Release|Any CPU.ActiveCfg = Release|Any CPU
		{ED7F4A58-71B6-4ACF-BEAC-E5086A665755}.Release|Any CPU.Build.0 = Release|Any CPU
	EndGlobalSection
	GlobalSection(SolutionProperties) = preSolution
		HideSolutionNode = FALSE
	EndGlobalSection
	GlobalSection(ExtensibilityGlobals) = postSolution
		SolutionGuid = {A3257F97-688F-42F2-84BF-E0162738CDEE}
	EndGlobalSection
EndGlobal
